// !$*UTF8*$!
{
	archiveVersion = 1;
	classes = {
	};
	objectVersion = 46;
	objects = {

/* Begin PBXBuildFile section */
		940988AB1DDCCB0F00171E84 /* AppDelegate.swift in Sources */ = {isa = PBXBuildFile; fileRef = 940988AA1DDCCB0F00171E84 /* AppDelegate.swift */; };
		940988B01DDCCB0F00171E84 /* Main.storyboard in Resources */ = {isa = PBXBuildFile; fileRef = 940988AE1DDCCB0F00171E84 /* Main.storyboard */; };
		940988B21DDCCB0F00171E84 /* Assets.xcassets in Resources */ = {isa = PBXBuildFile; fileRef = 940988B11DDCCB0F00171E84 /* Assets.xcassets */; };
		940988B51DDCCB0F00171E84 /* LaunchScreen.storyboard in Resources */ = {isa = PBXBuildFile; fileRef = 940988B31DDCCB0F00171E84 /* LaunchScreen.storyboard */; };
		940988C01DDCCB0F00171E84 /* Whip_It_Up_Tests.swift in Sources */ = {isa = PBXBuildFile; fileRef = 940988BF1DDCCB0F00171E84 /* Whip_It_Up_Tests.swift */; };
		940988CB1DDCCB0F00171E84 /* Whip_It_Up_UITests.swift in Sources */ = {isa = PBXBuildFile; fileRef = 940988CA1DDCCB0F00171E84 /* Whip_It_Up_UITests.swift */; };
		940988D91DDCCB4000171E84 /* SwiftyJSON.swift in Sources */ = {isa = PBXBuildFile; fileRef = 940988D81DDCCB4000171E84 /* SwiftyJSON.swift */; };
		940988DB1DDCCB6700171E84 /* F2FJsonParser.swift in Sources */ = {isa = PBXBuildFile; fileRef = 940988DA1DDCCB6700171E84 /* F2FJsonParser.swift */; };
		940988DD1DDCCB6C00171E84 /* MashapeJsonParser.swift in Sources */ = {isa = PBXBuildFile; fileRef = 940988DC1DDCCB6C00171E84 /* MashapeJsonParser.swift */; };
		940988DF1DDCCBB500171E84 /* grabJson.swift in Sources */ = {isa = PBXBuildFile; fileRef = 940988DE1DDCCBB500171E84 /* grabJson.swift */; };
		940988E11DDCCC1000171E84 /* RecipeModel.swift in Sources */ = {isa = PBXBuildFile; fileRef = 940988E01DDCCC1000171E84 /* RecipeModel.swift */; };
		940988E31DDCCC1600171E84 /* MCONSTANTS.swift in Sources */ = {isa = PBXBuildFile; fileRef = 940988E21DDCCC1600171E84 /* MCONSTANTS.swift */; };
		940988E51DDCE1FD00171E84 /* CustomTBVCell.swift in Sources */ = {isa = PBXBuildFile; fileRef = 940988E41DDCE1FD00171E84 /* CustomTBVCell.swift */; };
		940988E71DDCE22400171E84 /* RecipeTableViewController.swift in Sources */ = {isa = PBXBuildFile; fileRef = 940988E61DDCE22400171E84 /* RecipeTableViewController.swift */; };
		940988E91DDCF6A200171E84 /* RecipeViewController.swift in Sources */ = {isa = PBXBuildFile; fileRef = 940988E81DDCF6A200171E84 /* RecipeViewController.swift */; };
/* End PBXBuildFile section */

/* Begin PBXContainerItemProxy section */
		940988BC1DDCCB0F00171E84 /* PBXContainerItemProxy */ = {
			isa = PBXContainerItemProxy;
			containerPortal = 9409889F1DDCCB0E00171E84 /* Project object */;
			proxyType = 1;
			remoteGlobalIDString = 940988A61DDCCB0E00171E84;
			remoteInfo = "Whip It Up!";
		};
		940988C71DDCCB0F00171E84 /* PBXContainerItemProxy */ = {
			isa = PBXContainerItemProxy;
			containerPortal = 9409889F1DDCCB0E00171E84 /* Project object */;
			proxyType = 1;
			remoteGlobalIDString = 940988A61DDCCB0E00171E84;
			remoteInfo = "Whip It Up!";
		};
/* End PBXContainerItemProxy section */

/* Begin PBXFileReference section */
		940988A71DDCCB0E00171E84 /* Whip It Up!.app */ = {isa = PBXFileReference; explicitFileType = wrapper.application; includeInIndex = 0; path = "Whip It Up!.app"; sourceTree = BUILT_PRODUCTS_DIR; };
		940988AA1DDCCB0F00171E84 /* AppDelegate.swift */ = {isa = PBXFileReference; lastKnownFileType = sourcecode.swift; path = AppDelegate.swift; sourceTree = "<group>"; };
		940988AF1DDCCB0F00171E84 /* Base */ = {isa = PBXFileReference; lastKnownFileType = file.storyboard; name = Base; path = Base.lproj/Main.storyboard; sourceTree = "<group>"; };
		940988B11DDCCB0F00171E84 /* Assets.xcassets */ = {isa = PBXFileReference; lastKnownFileType = folder.assetcatalog; path = Assets.xcassets; sourceTree = "<group>"; };
		940988B41DDCCB0F00171E84 /* Base */ = {isa = PBXFileReference; lastKnownFileType = file.storyboard; name = Base; path = Base.lproj/LaunchScreen.storyboard; sourceTree = "<group>"; };
		940988B61DDCCB0F00171E84 /* Info.plist */ = {isa = PBXFileReference; lastKnownFileType = text.plist.xml; path = Info.plist; sourceTree = "<group>"; };
		940988BB1DDCCB0F00171E84 /* Whip It Up!Tests.xctest */ = {isa = PBXFileReference; explicitFileType = wrapper.cfbundle; includeInIndex = 0; path = "Whip It Up!Tests.xctest"; sourceTree = BUILT_PRODUCTS_DIR; };
		940988BF1DDCCB0F00171E84 /* Whip_It_Up_Tests.swift */ = {isa = PBXFileReference; lastKnownFileType = sourcecode.swift; path = Whip_It_Up_Tests.swift; sourceTree = "<group>"; };
		940988C11DDCCB0F00171E84 /* Info.plist */ = {isa = PBXFileReference; lastKnownFileType = text.plist.xml; path = Info.plist; sourceTree = "<group>"; };
		940988C61DDCCB0F00171E84 /* Whip It Up!UITests.xctest */ = {isa = PBXFileReference; explicitFileType = wrapper.cfbundle; includeInIndex = 0; path = "Whip It Up!UITests.xctest"; sourceTree = BUILT_PRODUCTS_DIR; };
		940988CA1DDCCB0F00171E84 /* Whip_It_Up_UITests.swift */ = {isa = PBXFileReference; lastKnownFileType = sourcecode.swift; path = Whip_It_Up_UITests.swift; sourceTree = "<group>"; };
		940988CC1DDCCB0F00171E84 /* Info.plist */ = {isa = PBXFileReference; lastKnownFileType = text.plist.xml; path = Info.plist; sourceTree = "<group>"; };
		940988D81DDCCB4000171E84 /* SwiftyJSON.swift */ = {isa = PBXFileReference; fileEncoding = 4; lastKnownFileType = sourcecode.swift; path = SwiftyJSON.swift; sourceTree = "<group>"; };
		940988DA1DDCCB6700171E84 /* F2FJsonParser.swift */ = {isa = PBXFileReference; fileEncoding = 4; lastKnownFileType = sourcecode.swift; path = F2FJsonParser.swift; sourceTree = "<group>"; };
		940988DC1DDCCB6C00171E84 /* MashapeJsonParser.swift */ = {isa = PBXFileReference; fileEncoding = 4; lastKnownFileType = sourcecode.swift; path = MashapeJsonParser.swift; sourceTree = "<group>"; };
		940988DE1DDCCBB500171E84 /* grabJson.swift */ = {isa = PBXFileReference; fileEncoding = 4; lastKnownFileType = sourcecode.swift; path = grabJson.swift; sourceTree = "<group>"; };
		940988E01DDCCC1000171E84 /* RecipeModel.swift */ = {isa = PBXFileReference; fileEncoding = 4; lastKnownFileType = sourcecode.swift; path = RecipeModel.swift; sourceTree = "<group>"; };
		940988E21DDCCC1600171E84 /* MCONSTANTS.swift */ = {isa = PBXFileReference; fileEncoding = 4; lastKnownFileType = sourcecode.swift; path = MCONSTANTS.swift; sourceTree = "<group>"; };
		940988E41DDCE1FD00171E84 /* CustomTBVCell.swift */ = {isa = PBXFileReference; fileEncoding = 4; lastKnownFileType = sourcecode.swift; path = CustomTBVCell.swift; sourceTree = "<group>"; };
		940988E61DDCE22400171E84 /* RecipeTableViewController.swift */ = {isa = PBXFileReference; fileEncoding = 4; lastKnownFileType = sourcecode.swift; path = RecipeTableViewController.swift; sourceTree = "<group>"; };
		940988E81DDCF6A200171E84 /* RecipeViewController.swift */ = {isa = PBXFileReference; fileEncoding = 4; lastKnownFileType = sourcecode.swift; path = RecipeViewController.swift; sourceTree = "<group>"; };
/* End PBXFileReference section */

/* Begin PBXFrameworksBuildPhase section */
		940988A41DDCCB0E00171E84 /* Frameworks */ = {
			isa = PBXFrameworksBuildPhase;
			buildActionMask = 2147483647;
			files = (
			);
			runOnlyForDeploymentPostprocessing = 0;
		};
		940988B81DDCCB0F00171E84 /* Frameworks */ = {
			isa = PBXFrameworksBuildPhase;
			buildActionMask = 2147483647;
			files = (
			);
			runOnlyForDeploymentPostprocessing = 0;
		};
		940988C31DDCCB0F00171E84 /* Frameworks */ = {
			isa = PBXFrameworksBuildPhase;
			buildActionMask = 2147483647;
			files = (
			);
			runOnlyForDeploymentPostprocessing = 0;
		};
/* End PBXFrameworksBuildPhase section */

/* Begin PBXGroup section */
		9409889E1DDCCB0E00171E84 = {
			isa = PBXGroup;
			children = (
				940988A91DDCCB0E00171E84 /* Whip It Up! */,
				940988BE1DDCCB0F00171E84 /* Whip It Up!Tests */,
				940988C91DDCCB0F00171E84 /* Whip It Up!UITests */,
				940988A81DDCCB0E00171E84 /* Products */,
			);
			sourceTree = "<group>";
		};
		940988A81DDCCB0E00171E84 /* Products */ = {
			isa = PBXGroup;
			children = (
				940988A71DDCCB0E00171E84 /* Whip It Up!.app */,
				940988BB1DDCCB0F00171E84 /* Whip It Up!Tests.xctest */,
				940988C61DDCCB0F00171E84 /* Whip It Up!UITests.xctest */,
			);
			name = Products;
			sourceTree = "<group>";
		};
		940988A91DDCCB0E00171E84 /* Whip It Up! */ = {
			isa = PBXGroup;
			children = (
				940988E41DDCE1FD00171E84 /* CustomTBVCell.swift */,
				940988D81DDCCB4000171E84 /* SwiftyJSON.swift */,
				940988E21DDCCC1600171E84 /* MCONSTANTS.swift */,
				940988E01DDCCC1000171E84 /* RecipeModel.swift */,
				940988DC1DDCCB6C00171E84 /* MashapeJsonParser.swift */,
				940988DA1DDCCB6700171E84 /* F2FJsonParser.swift */,
				940988AA1DDCCB0F00171E84 /* AppDelegate.swift */,
				940988AE1DDCCB0F00171E84 /* Main.storyboard */,
				940988B11DDCCB0F00171E84 /* Assets.xcassets */,
				940988B31DDCCB0F00171E84 /* LaunchScreen.storyboard */,
				940988B61DDCCB0F00171E84 /* Info.plist */,
				940988DE1DDCCBB500171E84 /* grabJson.swift */,
				940988E61DDCE22400171E84 /* RecipeTableViewController.swift */,
				940988E81DDCF6A200171E84 /* RecipeViewController.swift */,
			);
			path = "Whip It Up!";
			sourceTree = "<group>";
		};
		940988BE1DDCCB0F00171E84 /* Whip It Up!Tests */ = {
			isa = PBXGroup;
			children = (
				940988BF1DDCCB0F00171E84 /* Whip_It_Up_Tests.swift */,
				940988C11DDCCB0F00171E84 /* Info.plist */,
			);
			path = "Whip It Up!Tests";
			sourceTree = "<group>";
		};
		940988C91DDCCB0F00171E84 /* Whip It Up!UITests */ = {
			isa = PBXGroup;
			children = (
				940988CA1DDCCB0F00171E84 /* Whip_It_Up_UITests.swift */,
				940988CC1DDCCB0F00171E84 /* Info.plist */,
			);
			path = "Whip It Up!UITests";
			sourceTree = "<group>";
		};
/* End PBXGroup section */

/* Begin PBXNativeTarget section */
		940988A61DDCCB0E00171E84 /* Whip It Up! */ = {
			isa = PBXNativeTarget;
			buildConfigurationList = 940988CF1DDCCB0F00171E84 /* Build configuration list for PBXNativeTarget "Whip It Up!" */;
			buildPhases = (
				940988A31DDCCB0E00171E84 /* Sources */,
				940988A41DDCCB0E00171E84 /* Frameworks */,
				940988A51DDCCB0E00171E84 /* Resources */,
			);
			buildRules = (
			);
			dependencies = (
			);
			name = "Whip It Up!";
			productName = "Whip It Up!";
			productReference = 940988A71DDCCB0E00171E84 /* Whip It Up!.app */;
			productType = "com.apple.product-type.application";
		};
		940988BA1DDCCB0F00171E84 /* Whip It Up!Tests */ = {
			isa = PBXNativeTarget;
			buildConfigurationList = 940988D21DDCCB0F00171E84 /* Build configuration list for PBXNativeTarget "Whip It Up!Tests" */;
			buildPhases = (
				940988B71DDCCB0F00171E84 /* Sources */,
				940988B81DDCCB0F00171E84 /* Frameworks */,
				940988B91DDCCB0F00171E84 /* Resources */,
			);
			buildRules = (
			);
			dependencies = (
				940988BD1DDCCB0F00171E84 /* PBXTargetDependency */,
			);
			name = "Whip It Up!Tests";
			productName = "Whip It Up!Tests";
			productReference = 940988BB1DDCCB0F00171E84 /* Whip It Up!Tests.xctest */;
			productType = "com.apple.product-type.bundle.unit-test";
		};
		940988C51DDCCB0F00171E84 /* Whip It Up!UITests */ = {
			isa = PBXNativeTarget;
			buildConfigurationList = 940988D51DDCCB0F00171E84 /* Build configuration list for PBXNativeTarget "Whip It Up!UITests" */;
			buildPhases = (
				940988C21DDCCB0F00171E84 /* Sources */,
				940988C31DDCCB0F00171E84 /* Frameworks */,
				940988C41DDCCB0F00171E84 /* Resources */,
			);
			buildRules = (
			);
			dependencies = (
				940988C81DDCCB0F00171E84 /* PBXTargetDependency */,
			);
			name = "Whip It Up!UITests";
			productName = "Whip It Up!UITests";
			productReference = 940988C61DDCCB0F00171E84 /* Whip It Up!UITests.xctest */;
			productType = "com.apple.product-type.bundle.ui-testing";
		};
/* End PBXNativeTarget section */

/* Begin PBXProject section */
		9409889F1DDCCB0E00171E84 /* Project object */ = {
			isa = PBXProject;
			attributes = {
				LastSwiftUpdateCheck = 0730;
				LastUpgradeCheck = 0730;
				ORGANIZATIONNAME = "Kory E King";
				TargetAttributes = {
					940988A61DDCCB0E00171E84 = {
						CreatedOnToolsVersion = 7.3.1;
						DevelopmentTeam = T3JXW3P9UL;
					};
					940988BA1DDCCB0F00171E84 = {
						CreatedOnToolsVersion = 7.3.1;
						TestTargetID = 940988A61DDCCB0E00171E84;
					};
					940988C51DDCCB0F00171E84 = {
						CreatedOnToolsVersion = 7.3.1;
						TestTargetID = 940988A61DDCCB0E00171E84;
					};
				};
			};
			buildConfigurationList = 940988A21DDCCB0E00171E84 /* Build configuration list for PBXProject "Whip It Up!" */;
			compatibilityVersion = "Xcode 3.2";
			developmentRegion = English;
			hasScannedForEncodings = 0;
			knownRegions = (
				en,
				Base,
			);
			mainGroup = 9409889E1DDCCB0E00171E84;
			productRefGroup = 940988A81DDCCB0E00171E84 /* Products */;
			projectDirPath = "";
			projectRoot = "";
			targets = (
				940988A61DDCCB0E00171E84 /* Whip It Up! */,
				940988BA1DDCCB0F00171E84 /* Whip It Up!Tests */,
				940988C51DDCCB0F00171E84 /* Whip It Up!UITests */,
			);
		};
/* End PBXProject section */

/* Begin PBXResourcesBuildPhase section */
		940988A51DDCCB0E00171E84 /* Resources */ = {
			isa = PBXResourcesBuildPhase;
			buildActionMask = 2147483647;
			files = (
				940988B51DDCCB0F00171E84 /* LaunchScreen.storyboard in Resources */,
				940988B21DDCCB0F00171E84 /* Assets.xcassets in Resources */,
				940988B01DDCCB0F00171E84 /* Main.storyboard in Resources */,
			);
			runOnlyForDeploymentPostprocessing = 0;
		};
		940988B91DDCCB0F00171E84 /* Resources */ = {
			isa = PBXResourcesBuildPhase;
			buildActionMask = 2147483647;
			files = (
			);
			runOnlyForDeploymentPostprocessing = 0;
		};
		940988C41DDCCB0F00171E84 /* Resources */ = {
			isa = PBXResourcesBuildPhase;
			buildActionMask = 2147483647;
			files = (
			);
			runOnlyForDeploymentPostprocessing = 0;
		};
/* End PBXResourcesBuildPhase section */

/* Begin PBXSourcesBuildPhase section */
		940988A31DDCCB0E00171E84 /* Sources */ = {
			isa = PBXSourcesBuildPhase;
			buildActionMask = 2147483647;
			files = (
				940988E71DDCE22400171E84 /* RecipeTableViewController.swift in Sources */,
				940988E11DDCCC1000171E84 /* RecipeModel.swift in Sources */,
				940988D91DDCCB4000171E84 /* SwiftyJSON.swift in Sources */,
				940988DF1DDCCBB500171E84 /* grabJson.swift in Sources */,
				940988E91DDCF6A200171E84 /* RecipeViewController.swift in Sources */,
				940988DD1DDCCB6C00171E84 /* MashapeJsonParser.swift in Sources */,
				940988E31DDCCC1600171E84 /* MCONSTANTS.swift in Sources */,
				940988E51DDCE1FD00171E84 /* CustomTBVCell.swift in Sources */,
				940988AB1DDCCB0F00171E84 /* AppDelegate.swift in Sources */,
				940988DB1DDCCB6700171E84 /* F2FJsonParser.swift in Sources */,
			);
			runOnlyForDeploymentPostprocessing = 0;
		};
		940988B71DDCCB0F00171E84 /* Sources */ = {
			isa = PBXSourcesBuildPhase;
			buildActionMask = 2147483647;
			files = (
				940988C01DDCCB0F00171E84 /* Whip_It_Up_Tests.swift in Sources */,
			);
			runOnlyForDeploymentPostprocessing = 0;
		};
		940988C21DDCCB0F00171E84 /* Sources */ = {
			isa = PBXSourcesBuildPhase;
			buildActionMask = 2147483647;
			files = (
				940988CB1DDCCB0F00171E84 /* Whip_It_Up_UITests.swift in Sources */,
			);
			runOnlyForDeploymentPostprocessing = 0;
		};
/* End PBXSourcesBuildPhase section */

/* Begin PBXTargetDependency section */
		940988BD1DDCCB0F00171E84 /* PBXTargetDependency */ = {
			isa = PBXTargetDependency;
			target = 940988A61DDCCB0E00171E84 /* Whip It Up! */;
			targetProxy = 940988BC1DDCCB0F00171E84 /* PBXContainerItemProxy */;
		};
		940988C81DDCCB0F00171E84 /* PBXTargetDependency */ = {
			isa = PBXTargetDependency;
			target = 940988A61DDCCB0E00171E84 /* Whip It Up! */;
			targetProxy = 940988C71DDCCB0F00171E84 /* PBXContainerItemProxy */;
		};
/* End PBXTargetDependency section */

/* Begin PBXVariantGroup section */
		940988AE1DDCCB0F00171E84 /* Main.storyboard */ = {
			isa = PBXVariantGroup;
			children = (
				940988AF1DDCCB0F00171E84 /* Base */,
			);
			name = Main.storyboard;
			sourceTree = "<group>";
		};
		940988B31DDCCB0F00171E84 /* LaunchScreen.storyboard */ = {
			isa = PBXVariantGroup;
			children = (
				940988B41DDCCB0F00171E84 /* Base */,
			);
			name = LaunchScreen.storyboard;
			sourceTree = "<group>";
		};
/* End PBXVariantGroup section */

/* Begin XCBuildConfiguration section */
		940988CD1DDCCB0F00171E84 /* Debug */ = {
			isa = XCBuildConfiguration;
			buildSettings = {
				ALWAYS_SEARCH_USER_PATHS = NO;
				CLANG_ANALYZER_NONNULL = YES;
				CLANG_CXX_LANGUAGE_STANDARD = "gnu++0x";
				CLANG_CXX_LIBRARY = "libc++";
				CLANG_ENABLE_MODULES = YES;
				CLANG_ENABLE_OBJC_ARC = YES;
				CLANG_WARN_BOOL_CONVERSION = YES;
				CLANG_WARN_CONSTANT_CONVERSION = YES;
				CLANG_WARN_DIRECT_OBJC_ISA_USAGE = YES_ERROR;
				CLANG_WARN_EMPTY_BODY = YES;
				CLANG_WARN_ENUM_CONVERSION = YES;
				CLANG_WARN_INT_CONVERSION = YES;
				CLANG_WARN_OBJC_ROOT_CLASS = YES_ERROR;
				CLANG_WARN_UNREACHABLE_CODE = YES;
				CLANG_WARN__DUPLICATE_METHOD_MATCH = YES;
				"CODE_SIGN_IDENTITY[sdk=iphoneos*]" = "iPhone Developer";
				COPY_PHASE_STRIP = NO;
				DEBUG_INFORMATION_FORMAT = dwarf;
				ENABLE_STRICT_OBJC_MSGSEND = YES;
				ENABLE_TESTABILITY = YES;
				GCC_C_LANGUAGE_STANDARD = gnu99;
				GCC_DYNAMIC_NO_PIC = NO;
				GCC_NO_COMMON_BLOCKS = YES;
				GCC_OPTIMIZATION_LEVEL = 0;
				GCC_PREPROCESSOR_DEFINITIONS = (
					"DEBUG=1",
					"$(inherited)",
				);
				GCC_WARN_64_TO_32_BIT_CONVERSION = YES;
				GCC_WARN_ABOUT_RETURN_TYPE = YES_ERROR;
				GCC_WARN_UNDECLARED_SELECTOR = YES;
				GCC_WARN_UNINITIALIZED_AUTOS = YES_AGGRESSIVE;
				GCC_WARN_UNUSED_FUNCTION = YES;
				GCC_WARN_UNUSED_VARIABLE = YES;
				IPHONEOS_DEPLOYMENT_TARGET = 9.3;
				MTL_ENABLE_DEBUG_INFO = YES;
				ONLY_ACTIVE_ARCH = YES;
				SDKROOT = iphoneos;
				SWIFT_OPTIMIZATION_LEVEL = "-Onone";
				TARGETED_DEVICE_FAMILY = "1,2";
			};
			name = Debug;
		};
		940988CE1DDCCB0F00171E84 /* Release */ = {
			isa = XCBuildConfiguration;
			buildSettings = {
				ALWAYS_SEARCH_USER_PATHS = NO;
				CLANG_ANALYZER_NONNULL = YES;
				CLANG_CXX_LANGUAGE_STANDARD = "gnu++0x";
				CLANG_CXX_LIBRARY = "libc++";
				CLANG_ENABLE_MODULES = YES;
				CLANG_ENABLE_OBJC_ARC = YES;
				CLANG_WARN_BOOL_CONVERSION = YES;
				CLANG_WARN_CONSTANT_CONVERSION = YES;
				CLANG_WARN_DIRECT_OBJC_ISA_USAGE = YES_ERROR;
				CLANG_WARN_EMPTY_BODY = YES;
				CLANG_WARN_ENUM_CONVERSION = YES;
				CLANG_WARN_INT_CONVERSION = YES;
				CLANG_WARN_OBJC_ROOT_CLASS = YES_ERROR;
				CLANG_WARN_UNREACHABLE_CODE = YES;
				CLANG_WARN__DUPLICATE_METHOD_MATCH = YES;
				"CODE_SIGN_IDENTITY[sdk=iphoneos*]" = "iPhone Developer";
				COPY_PHASE_STRIP = NO;
				DEBUG_INFORMATION_FORMAT = "dwarf-with-dsym";
				ENABLE_NS_ASSERTIONS = NO;
				ENABLE_STRICT_OBJC_MSGSEND = YES;
				GCC_C_LANGUAGE_STANDARD = gnu99;
				GCC_NO_COMMON_BLOCKS = YES;
				GCC_WARN_64_TO_32_BIT_CONVERSION = YES;
				GCC_WARN_ABOUT_RETURN_TYPE = YES_ERROR;
				GCC_WARN_UNDECLARED_SELECTOR = YES;
				GCC_WARN_UNINITIALIZED_AUTOS = YES_AGGRESSIVE;
				GCC_WARN_UNUSED_FUNCTION = YES;
				GCC_WARN_UNUSED_VARIABLE = YES;
				IPHONEOS_DEPLOYMENT_TARGET = 9.3;
				MTL_ENABLE_DEBUG_INFO = NO;
				SDKROOT = iphoneos;
				TARGETED_DEVICE_FAMILY = "1,2";
				VALIDATE_PRODUCT = YES;
			};
			name = Release;
		};
		940988D01DDCCB0F00171E84 /* Debug */ = {
			isa = XCBuildConfiguration;
			buildSettings = {
				ASSETCATALOG_COMPILER_APPICON_NAME = AppIcon;
				DEVELOPMENT_TEAM = T3JXW3P9UL;
				INFOPLIST_FILE = "Whip It Up!/Info.plist";
				IPHONEOS_DEPLOYMENT_TARGET = 10.1;
				LD_RUNPATH_SEARCH_PATHS = "$(inherited) @executable_path/Frameworks";
				PRODUCT_BUNDLE_IDENTIFIER = "com.mrkking.Whip-It-Up-";
				PRODUCT_NAME = "$(TARGET_NAME)";
				SWIFT_VERSION = 2.3;
			};
			name = Debug;
		};
		940988D11DDCCB0F00171E84 /* Release */ = {
			isa = XCBuildConfiguration;
			buildSettings = {
				ASSETCATALOG_COMPILER_APPICON_NAME = AppIcon;
				DEVELOPMENT_TEAM = T3JXW3P9UL;
				INFOPLIST_FILE = "Whip It Up!/Info.plist";
				IPHONEOS_DEPLOYMENT_TARGET = 10.1;
				LD_RUNPATH_SEARCH_PATHS = "$(inherited) @executable_path/Frameworks";
				PRODUCT_BUNDLE_IDENTIFIER = "com.mrkking.Whip-It-Up-";
				PRODUCT_NAME = "$(TARGET_NAME)";
				SWIFT_VERSION = 2.3;
			};
			name = Release;
		};
		940988D31DDCCB0F00171E84 /* Debug */ = {
			isa = XCBuildConfiguration;
			buildSettings = {
				BUNDLE_LOADER = "$(TEST_HOST)";
				INFOPLIST_FILE = "Whip It Up!Tests/Info.plist";
				LD_RUNPATH_SEARCH_PATHS = "$(inherited) @executable_path/Frameworks @loader_path/Frameworks";
				PRODUCT_BUNDLE_IDENTIFIER = "com.mrkking.Whip-It-Up-Tests";
				PRODUCT_NAME = "$(TARGET_NAME)";
				TEST_HOST = "$(BUILT_PRODUCTS_DIR)/Whip It Up!.app/Whip It Up!";
			};
			name = Debug;
		};
		940988D41DDCCB0F00171E84 /* Release */ = {
			isa = XCBuildConfiguration;
			buildSettings = {
				BUNDLE_LOADER = "$(TEST_HOST)";
				INFOPLIST_FILE = "Whip It Up!Tests/Info.plist";
				LD_RUNPATH_SEARCH_PATHS = "$(inherited) @executable_path/Frameworks @loader_path/Frameworks";
				PRODUCT_BUNDLE_IDENTIFIER = "com.mrkking.Whip-It-Up-Tests";
				PRODUCT_NAME = "$(TARGET_NAME)";
				TEST_HOST = "$(BUILT_PRODUCTS_DIR)/Whip It Up!.app/Whip It Up!";
			};
			name = Release;
		};
		940988D61DDCCB0F00171E84 /* Debug */ = {
			isa = XCBuildConfiguration;
			buildSettings = {
				INFOPLIST_FILE = "Whip It Up!UITests/Info.plist";
				LD_RUNPATH_SEARCH_PATHS = "$(inherited) @executable_path/Frameworks @loader_path/Frameworks";
				PRODUCT_BUNDLE_IDENTIFIER = "com.mrkking.Whip-It-Up-UITests";
				PRODUCT_NAME = "$(TARGET_NAME)";
				TEST_TARGET_NAME = "Whip It Up!";
			};
			name = Debug;
		};
		940988D71DDCCB0F00171E84 /* Release */ = {
			isa = XCBuildConfiguration;
			buildSettings = {
				INFOPLIST_FILE = "Whip It Up!UITests/Info.plist";
				LD_RUNPATH_SEARCH_PATHS = "$(inherited) @executable_path/Frameworks @loader_path/Frameworks";
				PRODUCT_BUNDLE_IDENTIFIER = "com.mrkking.Whip-It-Up-UITests";
				PRODUCT_NAME = "$(TARGET_NAME)";
				TEST_TARGET_NAME = "Whip It Up!";
			};
			name = Release;
		};
/* End XCBuildConfiguration section */

/* Begin XCConfigurationList section */
		940988A21DDCCB0E00171E84 /* Build configuration list for PBXProject "Whip It Up!" */ = {
			isa = XCConfigurationList;
			buildConfigurations = (
				940988CD1DDCCB0F00171E84 /* Debug */,
				940988CE1DDCCB0F00171E84 /* Release */,
			);
			defaultConfigurationIsVisible = 0;
			defaultConfigurationName = Release;
		};
		940988CF1DDCCB0F00171E84 /* Build configuration list for PBXNativeTarget "Whip It Up!" */ = {
			isa = XCConfigurationList;
			buildConfigurations = (
				940988D01DDCCB0F00171E84 /* Debug */,
				940988D11DDCCB0F00171E84 /* Release */,
			);
			defaultConfigurationIsVisible = 0;
			defaultConfigurationName = Release;
		};
		940988D21DDCCB0F00171E84 /* Build configuration list for PBXNativeTarget "Whip It Up!Tests" */ = {
			isa = XCConfigurationList;
			buildConfigurations = (
				940988D31DDCCB0F00171E84 /* Debug */,
				940988D41DDCCB0F00171E84 /* Release */,
			);
			defaultConfigurationIsVisible = 0;
			defaultConfigurationName = Release;
		};
		940988D51DDCCB0F00171E84 /* Build configuration list for PBXNativeTarget "Whip It Up!UITests" */ = {
			isa = XCConfigurationList;
			buildConfigurations = (
				940988D61DDCCB0F00171E84 /* Debug */,
				940988D71DDCCB0F00171E84 /* Release */,
			);
			defaultConfigurationIsVisible = 0;
			defaultConfigurationName = Release;
		};
/* End XCConfigurationList section */
	};
	rootObject = 9409889F1DDCCB0E00171E84 /* Project object */;
}
